
Microsoft Visual Studio Solution File, Format Version 12.00
# Visual Studio Version 17
VisualStudioVersion = 17.1.32210.238
MinimumVisualStudioVersion = 10.0.40219.1
Project("{9A19103F-16F7-4668-BE54-9A1E7A4F7556}") = "VirtualMachine.RestAPI", "VirtualMachine.RestAPI.csproj", "{7FD4D0DF-4257-4824-9D3B-C71D4219B316}"
EndProject
Project("{9A19103F-16F7-4668-BE54-9A1E7A4F7556}") = "VirtualMachine.Services", "VirtualMachine.Services\VirtualMachine.Services.csproj", "{95E4994A-37B7-443F-AD26-5757785BA0DE}"
EndProject
Project("{FAE04EC0-301F-11D3-BF4B-00C04F79EFBC}") = "VirtualMachine.Core", "VirtualMachine.Core\VirtualMachine.Core\VirtualMachine.Core.csproj", "{263A860C-A49E-412F-9B76-55098AB69DD5}"
EndProject
Global
	GlobalSection(SolutionConfigurationPlatforms) = preSolution
		Debug|Any CPU = Debug|Any CPU
		Release|Any CPU = Release|Any CPU
	EndGlobalSection
	GlobalSection(ProjectConfigurationPlatforms) = postSolution
		{7FD4D0DF-4257-4824-9D3B-C71D4219B316}.Debug|Any CPU.ActiveCfg = Debug|Any CPU
		{7FD4D0DF-4257-4824-9D3B-C71D4219B316}.Debug|Any CPU.Build.0 = Debug|Any CPU
		{7FD4D0DF-4257-4824-9D3B-C71D4219B316}.Release|Any CPU.ActiveCfg = Release|Any CPU
		{7FD4D0DF-4257-4824-9D3B-C71D4219B316}.Release|Any CPU.Build.0 = Release|Any CPU
		{95E4994A-37B7-443F-AD26-5757785BA0DE}.Debug|Any CPU.ActiveCfg = Debug|Any CPU
		{95E4994A-37B7-443F-AD26-5757785BA0DE}.Debug|Any CPU.Build.0 = Debug|Any CPU
		{95E4994A-37B7-443F-AD26-5757785BA0DE}.Release|Any CPU.ActiveCfg = Release|Any CPU
		{95E4994A-37B7-443F-AD26-5757785BA0DE}.Release|Any CPU.Build.0 = Release|Any CPU
		{263A860C-A49E-412F-9B76-55098AB69DD5}.Debug|Any CPU.ActiveCfg = Debug|Any CPU
		{263A860C-A49E-412F-9B76-55098AB69DD5}.Debug|Any CPU.Build.0 = Debug|Any CPU
		{263A860C-A49E-412F-9B76-55098AB69DD5}.Release|Any CPU.ActiveCfg = Release|Any CPU
		{263A860C-A49E-412F-9B76-55098AB69DD5}.Release|Any CPU.Build.0 = Release|Any CPU
	EndGlobalSection
	GlobalSection(SolutionProperties) = preSolution
		HideSolutionNode = FALSE
	EndGlobalSection
	GlobalSection(ExtensibilityGlobals) = postSolution
		SolutionGuid = {921205D5-A3EB-462B-BE2C-CA51F3E4E9B0}
	EndGlobalSection
EndGlobal
